
Microsoft Visual Studio Solution File, Format Version 12.00
# Visual Studio Version 17
VisualStudioVersion = 17.2.32602.215
MinimumVisualStudioVersion = 10.0.40219.1
Project("{9A19103F-16F7-4668-BE54-9A1E7A4F7556}") = "RazorPizzeria", "RazorPizzeria\RazorPizzeria.csproj", "{2CF26775-D084-4578-81FD-932810B88A32}"
EndProject
Global
	GlobalSection(SolutionConfigurationPlatforms) = preSolution
		Debug|Any CPU = Debug|Any CPU
		Release|Any CPU = Release|Any CPU
	EndGlobalSection
	GlobalSection(ProjectConfigurationPlatforms) = postSolution
		{2CF26775-D084-4578-81FD-932810B88A32}.Debug|Any CPU.ActiveCfg = Debug|Any CPU
		{2CF26775-D084-4578-81FD-932810B88A32}.Debug|Any CPU.Build.0 = Debug|Any CPU
		{2CF26775-D084-4578-81FD-932810B88A32}.Release|Any CPU.ActiveCfg = Release|Any CPU
		{2CF26775-D084-4578-81FD-932810B88A32}.Release|Any CPU.Build.0 = Release|Any CPU
	EndGlobalSection
	GlobalSection(SolutionProperties) = preSolution
		HideSolutionNode = FALSE
	EndGlobalSection
	GlobalSection(ExtensibilityGlobals) = postSolution
		SolutionGuid = {9F85FDE9-4962-4CE1-9BE6-B60BFBF5C52D}
	EndGlobalSection
EndGlobal
